
Microsoft Visual Studio Solution File, Format Version 12.00
# Visual Studio Version 16
VisualStudioVersion = 16.0.30225.117
MinimumVisualStudioVersion = 10.0.40219.1
Project("{FAE04EC0-301F-11D3-BF4B-00C04F79EFBC}") = "Iterations", "Iterations\Iterations.csproj", "{FB22D648-388E-4019-926E-DDCCA958FB8F}"
EndProject
Project("{FAE04EC0-301F-11D3-BF4B-00C04F79EFBC}") = "IterationExercises2", "Exercises\IterationExercises2.csproj", "{95751D37-823D-4E36-9737-77929006F5A0}"
EndProject
Project("{FAE04EC0-301F-11D3-BF4B-00C04F79EFBC}") = "ArraysAndLists", "ArraysAndLists\ArraysAndLists.csproj", "{A1EDB5D7-C38E-4D42-B7A0-C1F97E47B6C6}"
EndProject
Project("{FAE04EC0-301F-11D3-BF4B-00C04F79EFBC}") = "IterationExercises1", "IterationExercises1\IterationExercises1.csproj", "{46A75CAB-FC28-4430-81A1-5C2661F2BE42}"
EndProject
Project("{FAE04EC0-301F-11D3-BF4B-00C04F79EFBC}") = "TypesNotes", "TypesNotes\TypesNotes.csproj", "{4A0E362E-A638-4DC0-B604-B1C1FE62EA0D}"
EndProject
Global
	GlobalSection(SolutionConfigurationPlatforms) = preSolution
		Debug|Any CPU = Debug|Any CPU
		Release|Any CPU = Release|Any CPU
	EndGlobalSection
	GlobalSection(ProjectConfigurationPlatforms) = postSolution
		{FB22D648-388E-4019-926E-DDCCA958FB8F}.Debug|Any CPU.ActiveCfg = Debug|Any CPU
		{FB22D648-388E-4019-926E-DDCCA958FB8F}.Debug|Any CPU.Build.0 = Debug|Any CPU
		{FB22D648-388E-4019-926E-DDCCA958FB8F}.Release|Any CPU.ActiveCfg = Release|Any CPU
		{FB22D648-388E-4019-926E-DDCCA958FB8F}.Release|Any CPU.Build.0 = Release|Any CPU
		{95751D37-823D-4E36-9737-77929006F5A0}.Debug|Any CPU.ActiveCfg = Debug|Any CPU
		{95751D37-823D-4E36-9737-77929006F5A0}.Debug|Any CPU.Build.0 = Debug|Any CPU
		{95751D37-823D-4E36-9737-77929006F5A0}.Release|Any CPU.ActiveCfg = Release|Any CPU
		{95751D37-823D-4E36-9737-77929006F5A0}.Release|Any CPU.Build.0 = Release|Any CPU
		{A1EDB5D7-C38E-4D42-B7A0-C1F97E47B6C6}.Debug|Any CPU.ActiveCfg = Debug|Any CPU
		{A1EDB5D7-C38E-4D42-B7A0-C1F97E47B6C6}.Debug|Any CPU.Build.0 = Debug|Any CPU
		{A1EDB5D7-C38E-4D42-B7A0-C1F97E47B6C6}.Release|Any CPU.ActiveCfg = Release|Any CPU
		{A1EDB5D7-C38E-4D42-B7A0-C1F97E47B6C6}.Release|Any CPU.Build.0 = Release|Any CPU
		{46A75CAB-FC28-4430-81A1-5C2661F2BE42}.Debug|Any CPU.ActiveCfg = Debug|Any CPU
		{46A75CAB-FC28-4430-81A1-5C2661F2BE42}.Debug|Any CPU.Build.0 = Debug|Any CPU
		{46A75CAB-FC28-4430-81A1-5C2661F2BE42}.Release|Any CPU.ActiveCfg = Release|Any CPU
		{46A75CAB-FC28-4430-81A1-5C2661F2BE42}.Release|Any CPU.Build.0 = Release|Any CPU
		{4A0E362E-A638-4DC0-B604-B1C1FE62EA0D}.Debug|Any CPU.ActiveCfg = Debug|Any CPU
		{4A0E362E-A638-4DC0-B604-B1C1FE62EA0D}.Debug|Any CPU.Build.0 = Debug|Any CPU
		{4A0E362E-A638-4DC0-B604-B1C1FE62EA0D}.Release|Any CPU.ActiveCfg = Release|Any CPU
		{4A0E362E-A638-4DC0-B604-B1C1FE62EA0D}.Release|Any CPU.Build.0 = Release|Any CPU
	EndGlobalSection
	GlobalSection(SolutionProperties) = preSolution
		HideSolutionNode = FALSE
	EndGlobalSection
	GlobalSection(ExtensibilityGlobals) = postSolution
		SolutionGuid = {6683F023-7A18-4185-A7C7-1DD53E0CF865}
	EndGlobalSection
EndGlobal
